// !$*UTF8*$!
{
	archiveVersion = 1;
	classes = {
	};
	objectVersion = 54;
	objects = {

/* Begin PBXBuildFile section */
		F4A7825928326D94005198E7 /* ExtensionIdentifier.swift in Sources */ = {isa = PBXBuildFile; fileRef = F4A7825828326D94005198E7 /* ExtensionIdentifier.swift */; };
		F4F632942825108200373B2B /* AppDelegate.swift in Sources */ = {isa = PBXBuildFile; fileRef = F4F632932825108200373B2B /* AppDelegate.swift */; };
		F4F632962825108200373B2B /* SceneDelegate.swift in Sources */ = {isa = PBXBuildFile; fileRef = F4F632952825108200373B2B /* SceneDelegate.swift */; };
		F4F6329D2825108900373B2B /* Assets.xcassets in Resources */ = {isa = PBXBuildFile; fileRef = F4F6329C2825108900373B2B /* Assets.xcassets */; };
		F4F632A02825108900373B2B /* LaunchScreen.storyboard in Resources */ = {isa = PBXBuildFile; fileRef = F4F6329E2825108900373B2B /* LaunchScreen.storyboard */; };
		F4F632AC2825149300373B2B /* HabitsViewController.swift in Sources */ = {isa = PBXBuildFile; fileRef = F4F632AB2825149300373B2B /* HabitsViewController.swift */; };
		F4F632AF282514D600373B2B /* InfoViewController.swift in Sources */ = {isa = PBXBuildFile; fileRef = F4F632AE282514D600373B2B /* InfoViewController.swift */; };
		F4F632B3282519E500373B2B /* ExtensionAppColor.swift in Sources */ = {isa = PBXBuildFile; fileRef = F4F632B2282519E500373B2B /* ExtensionAppColor.swift */; };
		F4F632B72825244F00373B2B /* HabitsCollectionViewCell.swift in Sources */ = {isa = PBXBuildFile; fileRef = F4F632B62825244F00373B2B /* HabitsCollectionViewCell.swift */; };
		F4F632BA282524DA00373B2B /* HabitsStore.swift in Sources */ = {isa = PBXBuildFile; fileRef = F4F632B9282524DA00373B2B /* HabitsStore.swift */; };
		F4F632BE2825279A00373B2B /* ProgressBarCollectionViewCell.swift in Sources */ = {isa = PBXBuildFile; fileRef = F4F632BD2825279A00373B2B /* ProgressBarCollectionViewCell.swift */; };
		F4F632C12825286600373B2B /* HabitViewController.swift in Sources */ = {isa = PBXBuildFile; fileRef = F4F632C02825286600373B2B /* HabitViewController.swift */; };
		F4F632C4282528CA00373B2B /* HabitDetailsViewController.swift in Sources */ = {isa = PBXBuildFile; fileRef = F4F632C3282528CA00373B2B /* HabitDetailsViewController.swift */; };
		F4F632CB282529B800373B2B /* DetailsTableViewCell.swift in Sources */ = {isa = PBXBuildFile; fileRef = F4F632CA282529B800373B2B /* DetailsTableViewCell.swift */; };
/* End PBXBuildFile section */

/* Begin PBXFileReference section */
		F4A7825828326D94005198E7 /* ExtensionIdentifier.swift */ = {isa = PBXFileReference; lastKnownFileType = sourcecode.swift; path = ExtensionIdentifier.swift; sourceTree = "<group>"; };
		F4F632902825108200373B2B /* MyHabits.app */ = {isa = PBXFileReference; explicitFileType = wrapper.application; includeInIndex = 0; path = MyHabits.app; sourceTree = BUILT_PRODUCTS_DIR; };
		F4F632932825108200373B2B /* AppDelegate.swift */ = {isa = PBXFileReference; lastKnownFileType = sourcecode.swift; path = AppDelegate.swift; sourceTree = "<group>"; };
		F4F632952825108200373B2B /* SceneDelegate.swift */ = {isa = PBXFileReference; lastKnownFileType = sourcecode.swift; path = SceneDelegate.swift; sourceTree = "<group>"; };
		F4F6329C2825108900373B2B /* Assets.xcassets */ = {isa = PBXFileReference; lastKnownFileType = folder.assetcatalog; path = Assets.xcassets; sourceTree = "<group>"; };
		F4F6329F2825108900373B2B /* Base */ = {isa = PBXFileReference; lastKnownFileType = file.storyboard; name = Base; path = Base.lproj/LaunchScreen.storyboard; sourceTree = "<group>"; };
		F4F632A12825108900373B2B /* Info.plist */ = {isa = PBXFileReference; lastKnownFileType = text.plist.xml; path = Info.plist; sourceTree = "<group>"; };
		F4F632AB2825149300373B2B /* HabitsViewController.swift */ = {isa = PBXFileReference; lastKnownFileType = sourcecode.swift; path = HabitsViewController.swift; sourceTree = "<group>"; };
		F4F632AE282514D600373B2B /* InfoViewController.swift */ = {isa = PBXFileReference; lastKnownFileType = sourcecode.swift; path = InfoViewController.swift; sourceTree = "<group>"; };
		F4F632B2282519E500373B2B /* ExtensionAppColor.swift */ = {isa = PBXFileReference; lastKnownFileType = sourcecode.swift; path = ExtensionAppColor.swift; sourceTree = "<group>"; };
		F4F632B62825244F00373B2B /* HabitsCollectionViewCell.swift */ = {isa = PBXFileReference; lastKnownFileType = sourcecode.swift; path = HabitsCollectionViewCell.swift; sourceTree = "<group>"; };
		F4F632B9282524DA00373B2B /* HabitsStore.swift */ = {isa = PBXFileReference; lastKnownFileType = sourcecode.swift; path = HabitsStore.swift; sourceTree = "<group>"; };
		F4F632BD2825279A00373B2B /* ProgressBarCollectionViewCell.swift */ = {isa = PBXFileReference; lastKnownFileType = sourcecode.swift; path = ProgressBarCollectionViewCell.swift; sourceTree = "<group>"; };
		F4F632C02825286600373B2B /* HabitViewController.swift */ = {isa = PBXFileReference; lastKnownFileType = sourcecode.swift; path = HabitViewController.swift; sourceTree = "<group>"; };
		F4F632C3282528CA00373B2B /* HabitDetailsViewController.swift */ = {isa = PBXFileReference; lastKnownFileType = sourcecode.swift; path = HabitDetailsViewController.swift; sourceTree = "<group>"; };
		F4F632CA282529B800373B2B /* DetailsTableViewCell.swift */ = {isa = PBXFileReference; lastKnownFileType = sourcecode.swift; path = DetailsTableViewCell.swift; sourceTree = "<group>"; };
/* End PBXFileReference section */

/* Begin PBXFrameworksBuildPhase section */
		F4F6328D2825108200373B2B /* Frameworks */ = {
			isa = PBXFrameworksBuildPhase;
			buildActionMask = 2147483647;
			files = (
			);
			runOnlyForDeploymentPostprocessing = 0;
		};
/* End PBXFrameworksBuildPhase section */

/* Begin PBXGroup section */
		F4A7824D283254AA005198E7 /* HabitsScreen */ = {
			isa = PBXGroup;
			children = (
				F4F632AB2825149300373B2B /* HabitsViewController.swift */,
				F4F632B62825244F00373B2B /* HabitsCollectionViewCell.swift */,
				F4F632BD2825279A00373B2B /* ProgressBarCollectionViewCell.swift */,
			);
			name = HabitsScreen;
			sourceTree = "<group>";
		};
		F4A7824E283254D3005198E7 /* Extension */ = {
			isa = PBXGroup;
			children = (
				F4F632B2282519E500373B2B /* ExtensionAppColor.swift */,
				F4A7825828326D94005198E7 /* ExtensionIdentifier.swift */,
			);
			path = Extension;
			sourceTree = "<group>";
		};
		F4A7824F28325504005198E7 /* DetailsScreen */ = {
			isa = PBXGroup;
			children = (
				F4F632C3282528CA00373B2B /* HabitDetailsViewController.swift */,
				F4F632CA282529B800373B2B /* DetailsTableViewCell.swift */,
			);
			name = DetailsScreen;
			sourceTree = "<group>";
		};
		F4A7825228325594005198E7 /* InfoScreen */ = {
			isa = PBXGroup;
			children = (
				F4F632AE282514D600373B2B /* InfoViewController.swift */,
			);
			name = InfoScreen;
			sourceTree = "<group>";
		};
		F4A78253283255B2005198E7 /* HabitScreen */ = {
			isa = PBXGroup;
			children = (
				F4F632C02825286600373B2B /* HabitViewController.swift */,
			);
			path = HabitScreen;
			sourceTree = "<group>";
		};
		F4F632872825108200373B2B = {
			isa = PBXGroup;
			children = (
				F4F632922825108200373B2B /* MyHabits */,
				F4F632912825108200373B2B /* Products */,
			);
			sourceTree = "<group>";
		};
		F4F632912825108200373B2B /* Products */ = {
			isa = PBXGroup;
			children = (
				F4F632902825108200373B2B /* MyHabits.app */,
			);
			name = Products;
			sourceTree = "<group>";
		};
		F4F632922825108200373B2B /* MyHabits */ = {
			isa = PBXGroup;
			children = (
				F4A7824D283254AA005198E7 /* HabitsScreen */,
				F4A7824F28325504005198E7 /* DetailsScreen */,
				F4A78253283255B2005198E7 /* HabitScreen */,
				F4A7825228325594005198E7 /* InfoScreen */,
				F4A7824E283254D3005198E7 /* Extension */,
				F4F632932825108200373B2B /* AppDelegate.swift */,
				F4F632952825108200373B2B /* SceneDelegate.swift */,
				F4F632B9282524DA00373B2B /* HabitsStore.swift */,
				F4F6329C2825108900373B2B /* Assets.xcassets */,
				F4F6329E2825108900373B2B /* LaunchScreen.storyboard */,
				F4F632A12825108900373B2B /* Info.plist */,
			);
			path = MyHabits;
			sourceTree = "<group>";
		};
/* End PBXGroup section */

/* Begin PBXNativeTarget section */
		F4F6328F2825108200373B2B /* MyHabits */ = {
			isa = PBXNativeTarget;
			buildConfigurationList = F4F632A42825108900373B2B /* Build configuration list for PBXNativeTarget "MyHabits" */;
			buildPhases = (
				F4F6328C2825108200373B2B /* Sources */,
				F4F6328D2825108200373B2B /* Frameworks */,
				F4F6328E2825108200373B2B /* Resources */,
			);
			buildRules = (
			);
			dependencies = (
			);
			name = MyHabits;
			productName = MyHabits;
			productReference = F4F632902825108200373B2B /* MyHabits.app */;
			productType = "com.apple.product-type.application";
		};
/* End PBXNativeTarget section */

/* Begin PBXProject section */
		F4F632882825108200373B2B /* Project object */ = {
			isa = PBXProject;
			attributes = {
				LastSwiftUpdateCheck = 1240;
				LastUpgradeCheck = 1240;
				TargetAttributes = {
					F4F6328F2825108200373B2B = {
						CreatedOnToolsVersion = 12.4;
					};
				};
			};
			buildConfigurationList = F4F6328B2825108200373B2B /* Build configuration list for PBXProject "MyHabits" */;
			compatibilityVersion = "Xcode 12.0";
			developmentRegion = en;
			hasScannedForEncodings = 0;
			knownRegions = (
				en,
				Base,
			);
			mainGroup = F4F632872825108200373B2B;
			productRefGroup = F4F632912825108200373B2B /* Products */;
			projectDirPath = "";
			projectRoot = "";
			targets = (
				F4F6328F2825108200373B2B /* MyHabits */,
			);
		};
/* End PBXProject section */

/* Begin PBXResourcesBuildPhase section */
		F4F6328E2825108200373B2B /* Resources */ = {
			isa = PBXResourcesBuildPhase;
			buildActionMask = 2147483647;
			files = (
				F4F632A02825108900373B2B /* LaunchScreen.storyboard in Resources */,
				F4F6329D2825108900373B2B /* Assets.xcassets in Resources */,
			);
			runOnlyForDeploymentPostprocessing = 0;
		};
/* End PBXResourcesBuildPhase section */

/* Begin PBXSourcesBuildPhase section */
		F4F6328C2825108200373B2B /* Sources */ = {
			isa = PBXSourcesBuildPhase;
			buildActionMask = 2147483647;
			files = (
				F4A7825928326D94005198E7 /* ExtensionIdentifier.swift in Sources */,
				F4F632B72825244F00373B2B /* HabitsCollectionViewCell.swift in Sources */,
				F4F632942825108200373B2B /* AppDelegate.swift in Sources */,
				F4F632962825108200373B2B /* SceneDelegate.swift in Sources */,
				F4F632C4282528CA00373B2B /* HabitDetailsViewController.swift in Sources */,
				F4F632BA282524DA00373B2B /* HabitsStore.swift in Sources */,
				F4F632CB282529B800373B2B /* DetailsTableViewCell.swift in Sources */,
				F4F632BE2825279A00373B2B /* ProgressBarCollectionViewCell.swift in Sources */,
				F4F632AC2825149300373B2B /* HabitsViewController.swift in Sources */,
				F4F632C12825286600373B2B /* HabitViewController.swift in Sources */,
				F4F632AF282514D600373B2B /* InfoViewController.swift in Sources */,
				F4F632B3282519E500373B2B /* ExtensionAppColor.swift in Sources */,
			);
			runOnlyForDeploymentPostprocessing = 0;
		};
/* End PBXSourcesBuildPhase section */

/* Begin PBXVariantGroup section */
		F4F6329E2825108900373B2B /* LaunchScreen.storyboard */ = {
			isa = PBXVariantGroup;
			children = (
				F4F6329F2825108900373B2B /* Base */,
			);
			name = LaunchScreen.storyboard;
			sourceTree = "<group>";
		};
/* End PBXVariantGroup section */

/* Begin XCBuildConfiguration section */
		F4F632A22825108900373B2B /* Debug */ = {
			isa = XCBuildConfiguration;
			buildSettings = {
				ALWAYS_SEARCH_USER_PATHS = NO;
				CLANG_ANALYZER_NONNULL = YES;
				CLANG_ANALYZER_NUMBER_OBJECT_CONVERSION = YES_AGGRESSIVE;
				CLANG_CXX_LANGUAGE_STANDARD = "gnu++14";
				CLANG_CXX_LIBRARY = "libc++";
				CLANG_ENABLE_MODULES = YES;
				CLANG_ENABLE_OBJC_ARC = YES;
				CLANG_ENABLE_OBJC_WEAK = YES;
				CLANG_WARN_BLOCK_CAPTURE_AUTORELEASING = YES;
				CLANG_WARN_BOOL_CONVERSION = YES;
				CLANG_WARN_COMMA = YES;
				CLANG_WARN_CONSTANT_CONVERSION = YES;
				CLANG_WARN_DEPRECATED_OBJC_IMPLEMENTATIONS = YES;
				CLANG_WARN_DIRECT_OBJC_ISA_USAGE = YES_ERROR;
				CLANG_WARN_DOCUMENTATION_COMMENTS = YES;
				CLANG_WARN_EMPTY_BODY = YES;
				CLANG_WARN_ENUM_CONVERSION = YES;
				CLANG_WARN_INFINITE_RECURSION = YES;
				CLANG_WARN_INT_CONVERSION = YES;
				CLANG_WARN_NON_LITERAL_NULL_CONVERSION = YES;
				CLANG_WARN_OBJC_IMPLICIT_RETAIN_SELF = YES;
				CLANG_WARN_OBJC_LITERAL_CONVERSION = YES;
				CLANG_WARN_OBJC_ROOT_CLASS = YES_ERROR;
				CLANG_WARN_QUOTED_INCLUDE_IN_FRAMEWORK_HEADER = YES;
				CLANG_WARN_RANGE_LOOP_ANALYSIS = YES;
				CLANG_WARN_STRICT_PROTOTYPES = YES;
				CLANG_WARN_SUSPICIOUS_MOVE = YES;
				CLANG_WARN_UNGUARDED_AVAILABILITY = YES_AGGRESSIVE;
				CLANG_WARN_UNREACHABLE_CODE = YES;
				CLANG_WARN__DUPLICATE_METHOD_MATCH = YES;
				COPY_PHASE_STRIP = NO;
				DEBUG_INFORMATION_FORMAT = dwarf;
				ENABLE_STRICT_OBJC_MSGSEND = YES;
				ENABLE_TESTABILITY = YES;
				GCC_C_LANGUAGE_STANDARD = gnu11;
				GCC_DYNAMIC_NO_PIC = NO;
				GCC_NO_COMMON_BLOCKS = YES;
				GCC_OPTIMIZATION_LEVEL = 0;
				GCC_PREPROCESSOR_DEFINITIONS = (
					"DEBUG=1",
					"$(inherited)",
				);
				GCC_WARN_64_TO_32_BIT_CONVERSION = YES;
				GCC_WARN_ABOUT_RETURN_TYPE = YES_ERROR;
				GCC_WARN_UNDECLARED_SELECTOR = YES;
				GCC_WARN_UNINITIALIZED_AUTOS = YES_AGGRESSIVE;
				GCC_WARN_UNUSED_FUNCTION = YES;
				GCC_WARN_UNUSED_VARIABLE = YES;
				IPHONEOS_DEPLOYMENT_TARGET = 14.1;
				MTL_ENABLE_DEBUG_INFO = INCLUDE_SOURCE;
				MTL_FAST_MATH = YES;
				ONLY_ACTIVE_ARCH = YES;
				SDKROOT = iphoneos;
				SWIFT_ACTIVE_COMPILATION_CONDITIONS = DEBUG;
				SWIFT_OPTIMIZATION_LEVEL = "-Onone";
			};
			name = Debug;
		};
		F4F632A32825108900373B2B /* Release */ = {
			isa = XCBuildConfiguration;
			buildSettings = {
				ALWAYS_SEARCH_USER_PATHS = NO;
				CLANG_ANALYZER_NONNULL = YES;
				CLANG_ANALYZER_NUMBER_OBJECT_CONVERSION = YES_AGGRESSIVE;
				CLANG_CXX_LANGUAGE_STANDARD = "gnu++14";
				CLANG_CXX_LIBRARY = "libc++";
				CLANG_ENABLE_MODULES = YES;
				CLANG_ENABLE_OBJC_ARC = YES;
				CLANG_ENABLE_OBJC_WEAK = YES;
				CLANG_WARN_BLOCK_CAPTURE_AUTORELEASING = YES;
				CLANG_WARN_BOOL_CONVERSION = YES;
				CLANG_WARN_COMMA = YES;
				CLANG_WARN_CONSTANT_CONVERSION = YES;
				CLANG_WARN_DEPRECATED_OBJC_IMPLEMENTATIONS = YES;
				CLANG_WARN_DIRECT_OBJC_ISA_USAGE = YES_ERROR;
				CLANG_WARN_DOCUMENTATION_COMMENTS = YES;
				CLANG_WARN_EMPTY_BODY = YES;
				CLANG_WARN_ENUM_CONVERSION = YES;
				CLANG_WARN_INFINITE_RECURSION = YES;
				CLANG_WARN_INT_CONVERSION = YES;
				CLANG_WARN_NON_LITERAL_NULL_CONVERSION = YES;
				CLANG_WARN_OBJC_IMPLICIT_RETAIN_SELF = YES;
				CLANG_WARN_OBJC_LITERAL_CONVERSION = YES;
				CLANG_WARN_OBJC_ROOT_CLASS = YES_ERROR;
				CLANG_WARN_QUOTED_INCLUDE_IN_FRAMEWORK_HEADER = YES;
				CLANG_WARN_RANGE_LOOP_ANALYSIS = YES;
				CLANG_WARN_STRICT_PROTOTYPES = YES;
				CLANG_WARN_SUSPICIOUS_MOVE = YES;
				CLANG_WARN_UNGUARDED_AVAILABILITY = YES_AGGRESSIVE;
				CLANG_WARN_UNREACHABLE_CODE = YES;
				CLANG_WARN__DUPLICATE_METHOD_MATCH = YES;
				COPY_PHASE_STRIP = NO;
				DEBUG_INFORMATION_FORMAT = "dwarf-with-dsym";
				ENABLE_NS_ASSERTIONS = NO;
				ENABLE_STRICT_OBJC_MSGSEND = YES;
				GCC_C_LANGUAGE_STANDARD = gnu11;
				GCC_NO_COMMON_BLOCKS = YES;
				GCC_WARN_64_TO_32_BIT_CONVERSION = YES;
				GCC_WARN_ABOUT_RETURN_TYPE = YES_ERROR;
				GCC_WARN_UNDECLARED_SELECTOR = YES;
				GCC_WARN_UNINITIALIZED_AUTOS = YES_AGGRESSIVE;
				GCC_WARN_UNUSED_FUNCTION = YES;
				GCC_WARN_UNUSED_VARIABLE = YES;
				IPHONEOS_DEPLOYMENT_TARGET = 14.1;
				MTL_ENABLE_DEBUG_INFO = NO;
				MTL_FAST_MATH = YES;
				SDKROOT = iphoneos;
				SWIFT_COMPILATION_MODE = wholemodule;
				SWIFT_OPTIMIZATION_LEVEL = "-O";
				VALIDATE_PRODUCT = YES;
			};
			name = Release;
		};
		F4F632A52825108900373B2B /* Debug */ = {
			isa = XCBuildConfiguration;
			buildSettings = {
				ASSETCATALOG_COMPILER_APPICON_NAME = AppIcon;
				ASSETCATALOG_COMPILER_GLOBAL_ACCENT_COLOR_NAME = AccentColor;
				CODE_SIGN_STYLE = Automatic;
				INFOPLIST_FILE = MyHabits/Info.plist;
				IPHONEOS_DEPLOYMENT_TARGET = 14.1;
				LD_RUNPATH_SEARCH_PATHS = (
					"$(inherited)",
					"@executable_path/Frameworks",
				);
				PRODUCT_BUNDLE_IDENTIFIER = "-.MyHabits";
				PRODUCT_NAME = "$(TARGET_NAME)";
				SWIFT_VERSION = 5.0;
				TARGETED_DEVICE_FAMILY = "1,2";
			};
			name = Debug;
		};
		F4F632A62825108900373B2B /* Release */ = {
			isa = XCBuildConfiguration;
			buildSettings = {
				ASSETCATALOG_COMPILER_APPICON_NAME = AppIcon;
				ASSETCATALOG_COMPILER_GLOBAL_ACCENT_COLOR_NAME = AccentColor;
				CODE_SIGN_STYLE = Automatic;
				INFOPLIST_FILE = MyHabits/Info.plist;
				IPHONEOS_DEPLOYMENT_TARGET = 14.1;
				LD_RUNPATH_SEARCH_PATHS = (
					"$(inherited)",
					"@executable_path/Frameworks",
				);
				PRODUCT_BUNDLE_IDENTIFIER = "-.MyHabits";
				PRODUCT_NAME = "$(TARGET_NAME)";
				SWIFT_VERSION = 5.0;
				TARGETED_DEVICE_FAMILY = "1,2";
			};
			name = Release;
		};
/* End XCBuildConfiguration section */

/* Begin XCConfigurationList section */
		F4F6328B2825108200373B2B /* Build configuration list for PBXProject "MyHabits" */ = {
			isa = XCConfigurationList;
			buildConfigurations = (
				F4F632A22825108900373B2B /* Debug */,
				F4F632A32825108900373B2B /* Release */,
			);
			defaultConfigurationIsVisible = 0;
			defaultConfigurationName = Release;
		};
		F4F632A42825108900373B2B /* Build configuration list for PBXNativeTarget "MyHabits" */ = {
			isa = XCConfigurationList;
			buildConfigurations = (
				F4F632A52825108900373B2B /* Debug */,
				F4F632A62825108900373B2B /* Release */,
			);
			defaultConfigurationIsVisible = 0;
			defaultConfigurationName = Release;
		};
/* End XCConfigurationList section */
	};
	rootObject = F4F632882825108200373B2B /* Project object */;
}
